
Microsoft Visual Studio Solution File, Format Version 12.00
# Visual Studio 15
VisualStudioVersion = 15.0.27703.2018
MinimumVisualStudioVersion = 10.0.40219.1
Project("{9A19103F-16F7-4668-BE54-9A1E7A4F7556}") = "line-login-csharp", "line-login-csharp\line-login-csharp.csproj", "{134C9E2A-04A6-492A-A86C-5950AFA3B096}"
EndProject
Project("{FAE04EC0-301F-11D3-BF4B-00C04F79EFBC}") = "line-login-csharp-web", "line-login-csharp-web\line-login-csharp-web.csproj", "{1921FF3B-F042-4D39-A564-63EA1AA609A9}"
EndProject
Project("{FAE04EC0-301F-11D3-BF4B-00C04F79EFBC}") = "line-login-csharp-mvc-owin", "line-login-csharp-mvc-owin\line-login-csharp-mvc-owin.csproj", "{2B135894-624A-46AB-BB67-05976B5D3011}"
EndProject
Project("{FAE04EC0-301F-11D3-BF4B-00C04F79EFBC}") = "LineLoginMiddleware", "LineLoginMiddleware\LineLoginMiddleware.csproj", "{19F95EE9-C263-41B6-85E0-260C6FCF269C}"
EndProject
Global
	GlobalSection(SolutionConfigurationPlatforms) = preSolution
		Debug|Any CPU = Debug|Any CPU
		Release|Any CPU = Release|Any CPU
	EndGlobalSection
	GlobalSection(ProjectConfigurationPlatforms) = postSolution
		{134C9E2A-04A6-492A-A86C-5950AFA3B096}.Debug|Any CPU.ActiveCfg = Debug|Any CPU
		{134C9E2A-04A6-492A-A86C-5950AFA3B096}.Debug|Any CPU.Build.0 = Debug|Any CPU
		{134C9E2A-04A6-492A-A86C-5950AFA3B096}.Release|Any CPU.ActiveCfg = Release|Any CPU
		{134C9E2A-04A6-492A-A86C-5950AFA3B096}.Release|Any CPU.Build.0 = Release|Any CPU
		{1921FF3B-F042-4D39-A564-63EA1AA609A9}.Debug|Any CPU.ActiveCfg = Debug|Any CPU
		{1921FF3B-F042-4D39-A564-63EA1AA609A9}.Debug|Any CPU.Build.0 = Debug|Any CPU
		{1921FF3B-F042-4D39-A564-63EA1AA609A9}.Release|Any CPU.ActiveCfg = Release|Any CPU
		{1921FF3B-F042-4D39-A564-63EA1AA609A9}.Release|Any CPU.Build.0 = Release|Any CPU
		{2B135894-624A-46AB-BB67-05976B5D3011}.Debug|Any CPU.ActiveCfg = Debug|Any CPU
		{2B135894-624A-46AB-BB67-05976B5D3011}.Debug|Any CPU.Build.0 = Debug|Any CPU
		{2B135894-624A-46AB-BB67-05976B5D3011}.Release|Any CPU.ActiveCfg = Release|Any CPU
		{2B135894-624A-46AB-BB67-05976B5D3011}.Release|Any CPU.Build.0 = Release|Any CPU
		{19F95EE9-C263-41B6-85E0-260C6FCF269C}.Debug|Any CPU.ActiveCfg = Debug|Any CPU
		{19F95EE9-C263-41B6-85E0-260C6FCF269C}.Debug|Any CPU.Build.0 = Debug|Any CPU
		{19F95EE9-C263-41B6-85E0-260C6FCF269C}.Release|Any CPU.ActiveCfg = Release|Any CPU
		{19F95EE9-C263-41B6-85E0-260C6FCF269C}.Release|Any CPU.Build.0 = Release|Any CPU
	EndGlobalSection
	GlobalSection(SolutionProperties) = preSolution
		HideSolutionNode = FALSE
	EndGlobalSection
	GlobalSection(ExtensibilityGlobals) = postSolution
		SolutionGuid = {7A35FAF1-E95A-49B6-AA0D-DDF5E0833848}
	EndGlobalSection
EndGlobal
